# THIS IS AN AUTOGENERATED FILE. DO NOT EDIT THIS FILE DIRECTLY.
# yarn lockfile v1


react-masonry-css@^1.0.14:
  version "1.0.14"
  resolved "https://registry.yarnpkg.com/react-masonry-css/-/react-masonry-css-1.0.14.tgz#2ac1ca7bb2c7e96826f7da3accc9e95ae12b2f65"
  integrity sha512-oAPVOCMApTT0HkxZJy84yU1EWaaQNZnJE0DjDMy/L+LxZoJEph4RRXsT9ppPKbFSo/tCzj+cCLwiBHjZmZ2eXA==
